
Microsoft Visual Studio Solution File, Format Version 12.00
# Visual Studio Version 17
VisualStudioVersion = 17.3.32901.215
MinimumVisualStudioVersion = 10.0.40219.1
Project("{FAE04EC0-301F-11D3-BF4B-00C04F79EFBC}") = "ChatSessionService", "ChatSessionService\ChatSessionService.csproj", "{71287EB5-A74C-4383-B484-67C935BB7CAD}"
EndProject
Global
	GlobalSection(SolutionConfigurationPlatforms) = preSolution
		Debug|Any CPU = Debug|Any CPU
		Release|Any CPU = Release|Any CPU
	EndGlobalSection
	GlobalSection(ProjectConfigurationPlatforms) = postSolution
		{71287EB5-A74C-4383-B484-67C935BB7CAD}.Debug|Any CPU.ActiveCfg = Debug|Any CPU
		{71287EB5-A74C-4383-B484-67C935BB7CAD}.Debug|Any CPU.Build.0 = Debug|Any CPU
		{71287EB5-A74C-4383-B484-67C935BB7CAD}.Release|Any CPU.ActiveCfg = Release|Any CPU
		{71287EB5-A74C-4383-B484-67C935BB7CAD}.Release|Any CPU.Build.0 = Release|Any CPU
	EndGlobalSection
	GlobalSection(SolutionProperties) = preSolution
		HideSolutionNode = FALSE
	EndGlobalSection
	GlobalSection(ExtensibilityGlobals) = postSolution
		SolutionGuid = {D86DCFAB-3319-41FE-A410-6FAC0CC65BEA}
	EndGlobalSection
EndGlobal
